
Microsoft Visual Studio Solution File, Format Version 12.00
# Visual Studio Version 16
VisualStudioVersion = 16.0.30717.126
MinimumVisualStudioVersion = 15.0.26124.0
Project("{9A19103F-16F7-4668-BE54-9A1E7A4F7556}") = "InternetTracker.Worker", "InternetTracker.Worker\InternetTracker.Worker.csproj", "{EFEB36D4-2ED1-46AA-87A0-F21FA950E478}"
EndProject
Project("{9A19103F-16F7-4668-BE54-9A1E7A4F7556}") = "InternetTracker.WebApp", "InternetTracker.WebApp\InternetTracker.WebApp.csproj", "{AF00FD00-B9CD-4360-BB67-F8D43A5BB97D}"
EndProject
Project("{9A19103F-16F7-4668-BE54-9A1E7A4F7556}") = "InternetTracker.Logic", "InternetTracker.Logic\InternetTracker.Logic.csproj", "{94B03D69-9337-43C7-9E4D-4B3674D963ED}"
EndProject
Project("{9A19103F-16F7-4668-BE54-9A1E7A4F7556}") = "InternetTracker.Core", "InternetTracker.Core\InternetTracker.Core.csproj", "{73A87D03-FE58-4BCE-B355-B025AE29AA4C}"
EndProject
Project("{9A19103F-16F7-4668-BE54-9A1E7A4F7556}") = "InternetTracker.Functions", "InternetTracker.Functions\InternetTracker.Functions.csproj", "{AF7FFE8D-99C5-4A55-8497-071CEB9C29BD}"
EndProject
Project("{2150E333-8FDC-42A3-9474-1A3956D46DE8}") = "Mobile Apps", "Mobile Apps", "{068A2D95-805E-4738-82D2-2647AEC81EBE}"
EndProject
Project("{FAE04EC0-301F-11D3-BF4B-00C04F79EFBC}") = "InternetTracker.MobileApp.Android", "InternetTracker.MobileApp\InternetTracker.MobileApp.Android\InternetTracker.MobileApp.Android.csproj", "{7EE39978-78D3-462B-B4B8-3DB37D84BAF8}"
EndProject
Project("{FAE04EC0-301F-11D3-BF4B-00C04F79EFBC}") = "InternetTracker.MobileApp.iOS", "InternetTracker.MobileApp\InternetTracker.MobileApp.iOS\InternetTracker.MobileApp.iOS.csproj", "{15E74D87-9E93-4911-810C-2487E039972F}"
EndProject
Project("{FAE04EC0-301F-11D3-BF4B-00C04F79EFBC}") = "InternetTracker.MobileApp", "InternetTracker.MobileApp\InternetTracker.MobileApp\InternetTracker.MobileApp.csproj", "{81287BD6-9108-43B1-A363-F99AEA72720F}"
EndProject
Global
	GlobalSection(SolutionConfigurationPlatforms) = preSolution
		Debug|Any CPU = Debug|Any CPU
		Debug|iPhone = Debug|iPhone
		Debug|iPhoneSimulator = Debug|iPhoneSimulator
		Debug|x64 = Debug|x64
		Debug|x86 = Debug|x86
		Release|Any CPU = Release|Any CPU
		Release|iPhone = Release|iPhone
		Release|iPhoneSimulator = Release|iPhoneSimulator
		Release|x64 = Release|x64
		Release|x86 = Release|x86
	EndGlobalSection
	GlobalSection(ProjectConfigurationPlatforms) = postSolution
		{EFEB36D4-2ED1-46AA-87A0-F21FA950E478}.Debug|Any CPU.ActiveCfg = Debug|Any CPU
		{EFEB36D4-2ED1-46AA-87A0-F21FA950E478}.Debug|Any CPU.Build.0 = Debug|Any CPU
		{EFEB36D4-2ED1-46AA-87A0-F21FA950E478}.Debug|iPhone.ActiveCfg = Debug|Any CPU
		{EFEB36D4-2ED1-46AA-87A0-F21FA950E478}.Debug|iPhone.Build.0 = Debug|Any CPU
		{EFEB36D4-2ED1-46AA-87A0-F21FA950E478}.Debug|iPhoneSimulator.ActiveCfg = Debug|Any CPU
		{EFEB36D4-2ED1-46AA-87A0-F21FA950E478}.Debug|iPhoneSimulator.Build.0 = Debug|Any CPU
		{EFEB36D4-2ED1-46AA-87A0-F21FA950E478}.Debug|x64.ActiveCfg = Debug|Any CPU
		{EFEB36D4-2ED1-46AA-87A0-F21FA950E478}.Debug|x64.Build.0 = Debug|Any CPU
		{EFEB36D4-2ED1-46AA-87A0-F21FA950E478}.Debug|x86.ActiveCfg = Debug|Any CPU
		{EFEB36D4-2ED1-46AA-87A0-F21FA950E478}.Debug|x86.Build.0 = Debug|Any CPU
		{EFEB36D4-2ED1-46AA-87A0-F21FA950E478}.Release|Any CPU.ActiveCfg = Release|Any CPU
		{EFEB36D4-2ED1-46AA-87A0-F21FA950E478}.Release|Any CPU.Build.0 = Release|Any CPU
		{EFEB36D4-2ED1-46AA-87A0-F21FA950E478}.Release|iPhone.ActiveCfg = Release|Any CPU
		{EFEB36D4-2ED1-46AA-87A0-F21FA950E478}.Release|iPhone.Build.0 = Release|Any CPU
		{EFEB36D4-2ED1-46AA-87A0-F21FA950E478}.Release|iPhoneSimulator.ActiveCfg = Release|Any CPU
		{EFEB36D4-2ED1-46AA-87A0-F21FA950E478}.Release|iPhoneSimulator.Build.0 = Release|Any CPU
		{EFEB36D4-2ED1-46AA-87A0-F21FA950E478}.Release|x64.ActiveCfg = Release|Any CPU
		{EFEB36D4-2ED1-46AA-87A0-F21FA950E478}.Release|x64.Build.0 = Release|Any CPU
		{EFEB36D4-2ED1-46AA-87A0-F21FA950E478}.Release|x86.ActiveCfg = Release|Any CPU
		{EFEB36D4-2ED1-46AA-87A0-F21FA950E478}.Release|x86.Build.0 = Release|Any CPU
		{AF00FD00-B9CD-4360-BB67-F8D43A5BB97D}.Debug|Any CPU.ActiveCfg = Debug|Any CPU
		{AF00FD00-B9CD-4360-BB67-F8D43A5BB97D}.Debug|Any CPU.Build.0 = Debug|Any CPU
		{AF00FD00-B9CD-4360-BB67-F8D43A5BB97D}.Debug|iPhone.ActiveCfg = Debug|Any CPU
		{AF00FD00-B9CD-4360-BB67-F8D43A5BB97D}.Debug|iPhone.Build.0 = Debug|Any CPU
		{AF00FD00-B9CD-4360-BB67-F8D43A5BB97D}.Debug|iPhoneSimulator.ActiveCfg = Debug|Any CPU
		{AF00FD00-B9CD-4360-BB67-F8D43A5BB97D}.Debug|iPhoneSimulator.Build.0 = Debug|Any CPU
		{AF00FD00-B9CD-4360-BB67-F8D43A5BB97D}.Debug|x64.ActiveCfg = Debug|Any CPU
		{AF00FD00-B9CD-4360-BB67-F8D43A5BB97D}.Debug|x64.Build.0 = Debug|Any CPU
		{AF00FD00-B9CD-4360-BB67-F8D43A5BB97D}.Debug|x86.ActiveCfg = Debug|Any CPU
		{AF00FD00-B9CD-4360-BB67-F8D43A5BB97D}.Debug|x86.Build.0 = Debug|Any CPU
		{AF00FD00-B9CD-4360-BB67-F8D43A5BB97D}.Release|Any CPU.ActiveCfg = Release|Any CPU
		{AF00FD00-B9CD-4360-BB67-F8D43A5BB97D}.Release|Any CPU.Build.0 = Release|Any CPU
		{AF00FD00-B9CD-4360-BB67-F8D43A5BB97D}.Release|iPhone.ActiveCfg = Release|Any CPU
		{AF00FD00-B9CD-4360-BB67-F8D43A5BB97D}.Release|iPhone.Build.0 = Release|Any CPU
		{AF00FD00-B9CD-4360-BB67-F8D43A5BB97D}.Release|iPhoneSimulator.ActiveCfg = Release|Any CPU
		{AF00FD00-B9CD-4360-BB67-F8D43A5BB97D}.Release|iPhoneSimulator.Build.0 = Release|Any CPU
		{AF00FD00-B9CD-4360-BB67-F8D43A5BB97D}.Release|x64.ActiveCfg = Release|Any CPU
		{AF00FD00-B9CD-4360-BB67-F8D43A5BB97D}.Release|x64.Build.0 = Release|Any CPU
		{AF00FD00-B9CD-4360-BB67-F8D43A5BB97D}.Release|x86.ActiveCfg = Release|Any CPU
		{AF00FD00-B9CD-4360-BB67-F8D43A5BB97D}.Release|x86.Build.0 = Release|Any CPU
		{94B03D69-9337-43C7-9E4D-4B3674D963ED}.Debug|Any CPU.ActiveCfg = Debug|Any CPU
		{94B03D69-9337-43C7-9E4D-4B3674D963ED}.Debug|Any CPU.Build.0 = Debug|Any CPU
		{94B03D69-9337-43C7-9E4D-4B3674D963ED}.Debug|iPhone.ActiveCfg = Debug|Any CPU
		{94B03D69-9337-43C7-9E4D-4B3674D963ED}.Debug|iPhone.Build.0 = Debug|Any CPU
		{94B03D69-9337-43C7-9E4D-4B3674D963ED}.Debug|iPhoneSimulator.ActiveCfg = Debug|Any CPU
		{94B03D69-9337-43C7-9E4D-4B3674D963ED}.Debug|iPhoneSimulator.Build.0 = Debug|Any CPU
		{94B03D69-9337-43C7-9E4D-4B3674D963ED}.Debug|x64.ActiveCfg = Debug|Any CPU
		{94B03D69-9337-43C7-9E4D-4B3674D963ED}.Debug|x64.Build.0 = Debug|Any CPU
		{94B03D69-9337-43C7-9E4D-4B3674D963ED}.Debug|x86.ActiveCfg = Debug|Any CPU
		{94B03D69-9337-43C7-9E4D-4B3674D963ED}.Debug|x86.Build.0 = Debug|Any CPU
		{94B03D69-9337-43C7-9E4D-4B3674D963ED}.Release|Any CPU.ActiveCfg = Release|Any CPU
		{94B03D69-9337-43C7-9E4D-4B3674D963ED}.Release|Any CPU.Build.0 = Release|Any CPU
		{94B03D69-9337-43C7-9E4D-4B3674D963ED}.Release|iPhone.ActiveCfg = Release|Any CPU
		{94B03D69-9337-43C7-9E4D-4B3674D963ED}.Release|iPhone.Build.0 = Release|Any CPU
		{94B03D69-9337-43C7-9E4D-4B3674D963ED}.Release|iPhoneSimulator.ActiveCfg = Release|Any CPU
		{94B03D69-9337-43C7-9E4D-4B3674D963ED}.Release|iPhoneSimulator.Build.0 = Release|Any CPU
		{94B03D69-9337-43C7-9E4D-4B3674D963ED}.Release|x64.ActiveCfg = Release|Any CPU
		{94B03D69-9337-43C7-9E4D-4B3674D963ED}.Release|x64.Build.0 = Release|Any CPU
		{94B03D69-9337-43C7-9E4D-4B3674D963ED}.Release|x86.ActiveCfg = Release|Any CPU
		{94B03D69-9337-43C7-9E4D-4B3674D963ED}.Release|x86.Build.0 = Release|Any CPU
		{73A87D03-FE58-4BCE-B355-B025AE29AA4C}.Debug|Any CPU.ActiveCfg = Debug|Any CPU
		{73A87D03-FE58-4BCE-B355-B025AE29AA4C}.Debug|Any CPU.Build.0 = Debug|Any CPU
		{73A87D03-FE58-4BCE-B355-B025AE29AA4C}.Debug|iPhone.ActiveCfg = Debug|Any CPU
		{73A87D03-FE58-4BCE-B355-B025AE29AA4C}.Debug|iPhone.Build.0 = Debug|Any CPU
		{73A87D03-FE58-4BCE-B355-B025AE29AA4C}.Debug|iPhoneSimulator.ActiveCfg = Debug|Any CPU
		{73A87D03-FE58-4BCE-B355-B025AE29AA4C}.Debug|iPhoneSimulator.Build.0 = Debug|Any CPU
		{73A87D03-FE58-4BCE-B355-B025AE29AA4C}.Debug|x64.ActiveCfg = Debug|Any CPU
		{73A87D03-FE58-4BCE-B355-B025AE29AA4C}.Debug|x64.Build.0 = Debug|Any CPU
		{73A87D03-FE58-4BCE-B355-B025AE29AA4C}.Debug|x86.ActiveCfg = Debug|Any CPU
		{73A87D03-FE58-4BCE-B355-B025AE29AA4C}.Debug|x86.Build.0 = Debug|Any CPU
		{73A87D03-FE58-4BCE-B355-B025AE29AA4C}.Release|Any CPU.ActiveCfg = Release|Any CPU
		{73A87D03-FE58-4BCE-B355-B025AE29AA4C}.Release|Any CPU.Build.0 = Release|Any CPU
		{73A87D03-FE58-4BCE-B355-B025AE29AA4C}.Release|iPhone.ActiveCfg = Release|Any CPU
		{73A87D03-FE58-4BCE-B355-B025AE29AA4C}.Release|iPhone.Build.0 = Release|Any CPU
		{73A87D03-FE58-4BCE-B355-B025AE29AA4C}.Release|iPhoneSimulator.ActiveCfg = Release|Any CPU
		{73A87D03-FE58-4BCE-B355-B025AE29AA4C}.Release|iPhoneSimulator.Build.0 = Release|Any CPU
		{73A87D03-FE58-4BCE-B355-B025AE29AA4C}.Release|x64.ActiveCfg = Release|Any CPU
		{73A87D03-FE58-4BCE-B355-B025AE29AA4C}.Release|x64.Build.0 = Release|Any CPU
		{73A87D03-FE58-4BCE-B355-B025AE29AA4C}.Release|x86.ActiveCfg = Release|Any CPU
		{73A87D03-FE58-4BCE-B355-B025AE29AA4C}.Release|x86.Build.0 = Release|Any CPU
		{AF7FFE8D-99C5-4A55-8497-071CEB9C29BD}.Debug|Any CPU.ActiveCfg = Debug|Any CPU
		{AF7FFE8D-99C5-4A55-8497-071CEB9C29BD}.Debug|Any CPU.Build.0 = Debug|Any CPU
		{AF7FFE8D-99C5-4A55-8497-071CEB9C29BD}.Debug|iPhone.ActiveCfg = Debug|Any CPU
		{AF7FFE8D-99C5-4A55-8497-071CEB9C29BD}.Debug|iPhone.Build.0 = Debug|Any CPU
		{AF7FFE8D-99C5-4A55-8497-071CEB9C29BD}.Debug|iPhoneSimulator.ActiveCfg = Debug|Any CPU
		{AF7FFE8D-99C5-4A55-8497-071CEB9C29BD}.Debug|iPhoneSimulator.Build.0 = Debug|Any CPU
		{AF7FFE8D-99C5-4A55-8497-071CEB9C29BD}.Debug|x64.ActiveCfg = Debug|Any CPU
		{AF7FFE8D-99C5-4A55-8497-071CEB9C29BD}.Debug|x64.Build.0 = Debug|Any CPU
		{AF7FFE8D-99C5-4A55-8497-071CEB9C29BD}.Debug|x86.ActiveCfg = Debug|Any CPU
		{AF7FFE8D-99C5-4A55-8497-071CEB9C29BD}.Debug|x86.Build.0 = Debug|Any CPU
		{AF7FFE8D-99C5-4A55-8497-071CEB9C29BD}.Release|Any CPU.ActiveCfg = Release|Any CPU
		{AF7FFE8D-99C5-4A55-8497-071CEB9C29BD}.Release|Any CPU.Build.0 = Release|Any CPU
		{AF7FFE8D-99C5-4A55-8497-071CEB9C29BD}.Release|iPhone.ActiveCfg = Release|Any CPU
		{AF7FFE8D-99C5-4A55-8497-071CEB9C29BD}.Release|iPhone.Build.0 = Release|Any CPU
		{AF7FFE8D-99C5-4A55-8497-071CEB9C29BD}.Release|iPhoneSimulator.ActiveCfg = Release|Any CPU
		{AF7FFE8D-99C5-4A55-8497-071CEB9C29BD}.Release|iPhoneSimulator.Build.0 = Release|Any CPU
		{AF7FFE8D-99C5-4A55-8497-071CEB9C29BD}.Release|x64.ActiveCfg = Release|Any CPU
		{AF7FFE8D-99C5-4A55-8497-071CEB9C29BD}.Release|x64.Build.0 = Release|Any CPU
		{AF7FFE8D-99C5-4A55-8497-071CEB9C29BD}.Release|x86.ActiveCfg = Release|Any CPU
		{AF7FFE8D-99C5-4A55-8497-071CEB9C29BD}.Release|x86.Build.0 = Release|Any CPU
		{7EE39978-78D3-462B-B4B8-3DB37D84BAF8}.Debug|Any CPU.ActiveCfg = Debug|Any CPU
		{7EE39978-78D3-462B-B4B8-3DB37D84BAF8}.Debug|Any CPU.Build.0 = Debug|Any CPU
		{7EE39978-78D3-462B-B4B8-3DB37D84BAF8}.Debug|Any CPU.Deploy.0 = Debug|Any CPU
		{7EE39978-78D3-462B-B4B8-3DB37D84BAF8}.Debug|iPhone.ActiveCfg = Debug|Any CPU
		{7EE39978-78D3-462B-B4B8-3DB37D84BAF8}.Debug|iPhone.Build.0 = Debug|Any CPU
		{7EE39978-78D3-462B-B4B8-3DB37D84BAF8}.Debug|iPhone.Deploy.0 = Debug|Any CPU
		{7EE39978-78D3-462B-B4B8-3DB37D84BAF8}.Debug|iPhoneSimulator.ActiveCfg = Debug|Any CPU
		{7EE39978-78D3-462B-B4B8-3DB37D84BAF8}.Debug|iPhoneSimulator.Build.0 = Debug|Any CPU
		{7EE39978-78D3-462B-B4B8-3DB37D84BAF8}.Debug|iPhoneSimulator.Deploy.0 = Debug|Any CPU
		{7EE39978-78D3-462B-B4B8-3DB37D84BAF8}.Debug|x64.ActiveCfg = Debug|Any CPU
		{7EE39978-78D3-462B-B4B8-3DB37D84BAF8}.Debug|x64.Build.0 = Debug|Any CPU
		{7EE39978-78D3-462B-B4B8-3DB37D84BAF8}.Debug|x64.Deploy.0 = Debug|Any CPU
		{7EE39978-78D3-462B-B4B8-3DB37D84BAF8}.Debug|x86.ActiveCfg = Debug|Any CPU
		{7EE39978-78D3-462B-B4B8-3DB37D84BAF8}.Debug|x86.Build.0 = Debug|Any CPU
		{7EE39978-78D3-462B-B4B8-3DB37D84BAF8}.Debug|x86.Deploy.0 = Debug|Any CPU
		{7EE39978-78D3-462B-B4B8-3DB37D84BAF8}.Release|Any CPU.ActiveCfg = Release|Any CPU
		{7EE39978-78D3-462B-B4B8-3DB37D84BAF8}.Release|Any CPU.Build.0 = Release|Any CPU
		{7EE39978-78D3-462B-B4B8-3DB37D84BAF8}.Release|Any CPU.Deploy.0 = Release|Any CPU
		{7EE39978-78D3-462B-B4B8-3DB37D84BAF8}.Release|iPhone.ActiveCfg = Release|Any CPU
		{7EE39978-78D3-462B-B4B8-3DB37D84BAF8}.Release|iPhone.Build.0 = Release|Any CPU
		{7EE39978-78D3-462B-B4B8-3DB37D84BAF8}.Release|iPhone.Deploy.0 = Release|Any CPU
		{7EE39978-78D3-462B-B4B8-3DB37D84BAF8}.Release|iPhoneSimulator.ActiveCfg = Release|Any CPU
		{7EE39978-78D3-462B-B4B8-3DB37D84BAF8}.Release|iPhoneSimulator.Build.0 = Release|Any CPU
		{7EE39978-78D3-462B-B4B8-3DB37D84BAF8}.Release|iPhoneSimulator.Deploy.0 = Release|Any CPU
		{7EE39978-78D3-462B-B4B8-3DB37D84BAF8}.Release|x64.ActiveCfg = Release|Any CPU
		{7EE39978-78D3-462B-B4B8-3DB37D84BAF8}.Release|x64.Build.0 = Release|Any CPU
		{7EE39978-78D3-462B-B4B8-3DB37D84BAF8}.Release|x64.Deploy.0 = Release|Any CPU
		{7EE39978-78D3-462B-B4B8-3DB37D84BAF8}.Release|x86.ActiveCfg = Release|Any CPU
		{7EE39978-78D3-462B-B4B8-3DB37D84BAF8}.Release|x86.Build.0 = Release|Any CPU
		{7EE39978-78D3-462B-B4B8-3DB37D84BAF8}.Release|x86.Deploy.0 = Release|Any CPU
		{15E74D87-9E93-4911-810C-2487E039972F}.Debug|Any CPU.ActiveCfg = Debug|iPhoneSimulator
		{15E74D87-9E93-4911-810C-2487E039972F}.Debug|iPhone.ActiveCfg = Debug|iPhone
		{15E74D87-9E93-4911-810C-2487E039972F}.Debug|iPhone.Build.0 = Debug|iPhone
		{15E74D87-9E93-4911-810C-2487E039972F}.Debug|iPhoneSimulator.ActiveCfg = Debug|iPhoneSimulator
		{15E74D87-9E93-4911-810C-2487E039972F}.Debug|iPhoneSimulator.Build.0 = Debug|iPhoneSimulator
		{15E74D87-9E93-4911-810C-2487E039972F}.Debug|x64.ActiveCfg = Debug|iPhoneSimulator
		{15E74D87-9E93-4911-810C-2487E039972F}.Debug|x86.ActiveCfg = Debug|iPhoneSimulator
		{15E74D87-9E93-4911-810C-2487E039972F}.Release|Any CPU.ActiveCfg = Release|iPhoneSimulator
		{15E74D87-9E93-4911-810C-2487E039972F}.Release|iPhone.ActiveCfg = Release|iPhone
		{15E74D87-9E93-4911-810C-2487E039972F}.Release|iPhone.Build.0 = Release|iPhone
		{15E74D87-9E93-4911-810C-2487E039972F}.Release|iPhoneSimulator.ActiveCfg = Release|iPhoneSimulator
		{15E74D87-9E93-4911-810C-2487E039972F}.Release|iPhoneSimulator.Build.0 = Release|iPhoneSimulator
		{15E74D87-9E93-4911-810C-2487E039972F}.Release|x64.ActiveCfg = Release|iPhoneSimulator
		{15E74D87-9E93-4911-810C-2487E039972F}.Release|x86.ActiveCfg = Release|iPhoneSimulator
		{81287BD6-9108-43B1-A363-F99AEA72720F}.Debug|Any CPU.ActiveCfg = Debug|Any CPU
		{81287BD6-9108-43B1-A363-F99AEA72720F}.Debug|Any CPU.Build.0 = Debug|Any CPU
		{81287BD6-9108-43B1-A363-F99AEA72720F}.Debug|iPhone.ActiveCfg = Debug|Any CPU
		{81287BD6-9108-43B1-A363-F99AEA72720F}.Debug|iPhone.Build.0 = Debug|Any CPU
		{81287BD6-9108-43B1-A363-F99AEA72720F}.Debug|iPhoneSimulator.ActiveCfg = Debug|Any CPU
		{81287BD6-9108-43B1-A363-F99AEA72720F}.Debug|iPhoneSimulator.Build.0 = Debug|Any CPU
		{81287BD6-9108-43B1-A363-F99AEA72720F}.Debug|x64.ActiveCfg = Debug|Any CPU
		{81287BD6-9108-43B1-A363-F99AEA72720F}.Debug|x64.Build.0 = Debug|Any CPU
		{81287BD6-9108-43B1-A363-F99AEA72720F}.Debug|x86.ActiveCfg = Debug|Any CPU
		{81287BD6-9108-43B1-A363-F99AEA72720F}.Debug|x86.Build.0 = Debug|Any CPU
		{81287BD6-9108-43B1-A363-F99AEA72720F}.Release|Any CPU.ActiveCfg = Release|Any CPU
		{81287BD6-9108-43B1-A363-F99AEA72720F}.Release|Any CPU.Build.0 = Release|Any CPU
		{81287BD6-9108-43B1-A363-F99AEA72720F}.Release|iPhone.ActiveCfg = Release|Any CPU
		{81287BD6-9108-43B1-A363-F99AEA72720F}.Release|iPhone.Build.0 = Release|Any CPU
		{81287BD6-9108-43B1-A363-F99AEA72720F}.Release|iPhoneSimulator.ActiveCfg = Release|Any CPU
		{81287BD6-9108-43B1-A363-F99AEA72720F}.Release|iPhoneSimulator.Build.0 = Release|Any CPU
		{81287BD6-9108-43B1-A363-F99AEA72720F}.Release|x64.ActiveCfg = Release|Any CPU
		{81287BD6-9108-43B1-A363-F99AEA72720F}.Release|x64.Build.0 = Release|Any CPU
		{81287BD6-9108-43B1-A363-F99AEA72720F}.Release|x86.ActiveCfg = Release|Any CPU
		{81287BD6-9108-43B1-A363-F99AEA72720F}.Release|x86.Build.0 = Release|Any CPU
	EndGlobalSection
	GlobalSection(SolutionProperties) = preSolution
		HideSolutionNode = FALSE
	EndGlobalSection
	GlobalSection(NestedProjects) = preSolution
		{7EE39978-78D3-462B-B4B8-3DB37D84BAF8} = {068A2D95-805E-4738-82D2-2647AEC81EBE}
		{15E74D87-9E93-4911-810C-2487E039972F} = {068A2D95-805E-4738-82D2-2647AEC81EBE}
		{81287BD6-9108-43B1-A363-F99AEA72720F} = {068A2D95-805E-4738-82D2-2647AEC81EBE}
	EndGlobalSection
	GlobalSection(ExtensibilityGlobals) = postSolution
		SolutionGuid = {364A4E35-DE8A-4841-B5D1-79AAFFFB730B}
	EndGlobalSection
EndGlobal
